// !$*UTF8*$!
{
	archiveVersion = 1;
	classes = {
	};
	objectVersion = 46;
	objects = {

/* Begin PBXBuildFile section */
		C9741F221C67A73800407110 /* AppDelegate.swift in Sources */ = {isa = PBXBuildFile; fileRef = C9741F211C67A73800407110 /* AppDelegate.swift */; };
		C9741F241C67A73800407110 /* ViewController.swift in Sources */ = {isa = PBXBuildFile; fileRef = C9741F231C67A73800407110 /* ViewController.swift */; };
		C9741F271C67A73800407110 /* Main.storyboard in Resources */ = {isa = PBXBuildFile; fileRef = C9741F251C67A73800407110 /* Main.storyboard */; };
		C9741F291C67A73800407110 /* Assets.xcassets in Resources */ = {isa = PBXBuildFile; fileRef = C9741F281C67A73800407110 /* Assets.xcassets */; };
		C9741F2C1C67A73800407110 /* LaunchScreen.storyboard in Resources */ = {isa = PBXBuildFile; fileRef = C9741F2A1C67A73800407110 /* LaunchScreen.storyboard */; };
/* End PBXBuildFile section */

/* Begin PBXFileReference section */
		C9741F1E1C67A73800407110 /* Time tables.app */ = {isa = PBXFileReference; explicitFileType = wrapper.application; includeInIndex = 0; path = "Time tables.app"; sourceTree = BUILT_PRODUCTS_DIR; };
		C9741F211C67A73800407110 /* AppDelegate.swift */ = {isa = PBXFileReference; lastKnownFileType = sourcecode.swift; path = AppDelegate.swift; sourceTree = "<group>"; };
		C9741F231C67A73800407110 /* ViewController.swift */ = {isa = PBXFileReference; lastKnownFileType = sourcecode.swift; path = ViewController.swift; sourceTree = "<group>"; };
		C9741F261C67A73800407110 /* Base */ = {isa = PBXFileReference; lastKnownFileType = file.storyboard; name = Base; path = Base.lproj/Main.storyboard; sourceTree = "<group>"; };
		C9741F281C67A73800407110 /* Assets.xcassets */ = {isa = PBXFileReference; lastKnownFileType = folder.assetcatalog; path = Assets.xcassets; sourceTree = "<group>"; };
		C9741F2B1C67A73800407110 /* Base */ = {isa = PBXFileReference; lastKnownFileType = file.storyboard; name = Base; path = Base.lproj/LaunchScreen.storyboard; sourceTree = "<group>"; };
		C9741F2D1C67A73800407110 /* Info.plist */ = {isa = PBXFileReference; lastKnownFileType = text.plist.xml; path = Info.plist; sourceTree = "<group>"; };
/* End PBXFileReference section */

/* Begin PBXFrameworksBuildPhase section */
		C9741F1B1C67A73800407110 /* Frameworks */ = {
			isa = PBXFrameworksBuildPhase;
			buildActionMask = 2147483647;
			files = (
			);
			runOnlyForDeploymentPostprocessing = 0;
		};
/* End PBXFrameworksBuildPhase section */

/* Begin PBXGroup section */
		C9741F151C67A73800407110 = {
			isa = PBXGroup;
			children = (
				C9741F201C67A73800407110 /* Time tables */,
				C9741F1F1C67A73800407110 /* Products */,
			);
			sourceTree = "<group>";
		};
		C9741F1F1C67A73800407110 /* Products */ = {
			isa = PBXGroup;
			children = (
				C9741F1E1C67A73800407110 /* Time tables.app */,
			);
			name = Products;
			sourceTree = "<group>";
		};
		C9741F201C67A73800407110 /* Time tables */ = {
			isa = PBXGroup;
			children = (
				C9741F211C67A73800407110 /* AppDelegate.swift */,
				C9741F231C67A73800407110 /* ViewController.swift */,
				C9741F251C67A73800407110 /* Main.storyboard */,
				C9741F281C67A73800407110 /* Assets.xcassets */,
				C9741F2A1C67A73800407110 /* LaunchScreen.storyboard */,
				C9741F2D1C67A73800407110 /* Info.plist */,
			);
			path = "Time tables";
			sourceTree = "<group>";
		};
/* End PBXGroup section */

/* Begin PBXNativeTarget section */
		C9741F1D1C67A73800407110 /* Time tables */ = {
			isa = PBXNativeTarget;
			buildConfigurationList = C9741F301C67A73800407110 /* Build configuration list for PBXNativeTarget "Time tables" */;
			buildPhases = (
				C9741F1A1C67A73800407110 /* Sources */,
				C9741F1B1C67A73800407110 /* Frameworks */,
				C9741F1C1C67A73800407110 /* Resources */,
			);
			buildRules = (
			);
			dependencies = (
			);
			name = "Time tables";
			productName = "Time tables";
			productReference = C9741F1E1C67A73800407110 /* Time tables.app */;
			productType = "com.apple.product-type.application";
		};
/* End PBXNativeTarget section */

/* Begin PBXProject section */
		C9741F161C67A73800407110 /* Project object */ = {
			isa = PBXProject;
			attributes = {
				LastSwiftUpdateCheck = 0710;
				LastUpgradeCheck = 0710;
				ORGANIZATIONNAME = udacity;
				TargetAttributes = {
					C9741F1D1C67A73800407110 = {
						CreatedOnToolsVersion = 7.1.1;
						DevelopmentTeam = T25K9DPR27;
					};
				};
			};
			buildConfigurationList = C9741F191C67A73800407110 /* Build configuration list for PBXProject "Time tables" */;
			compatibilityVersion = "Xcode 3.2";
			developmentRegion = English;
			hasScannedForEncodings = 0;
			knownRegions = (
				en,
				Base,
			);
			mainGroup = C9741F151C67A73800407110;
			productRefGroup = C9741F1F1C67A73800407110 /* Products */;
			projectDirPath = "";
			projectRoot = "";
			targets = (
				C9741F1D1C67A73800407110 /* Time tables */,
			);
		};
/* End PBXProject section */

/* Begin PBXResourcesBuildPhase section */
		C9741F1C1C67A73800407110 /* Resources */ = {
			isa = PBXResourcesBuildPhase;
			buildActionMask = 2147483647;
			files = (
				C9741F2C1C67A73800407110 /* LaunchScreen.storyboard in Resources */,
				C9741F291C67A73800407110 /* Assets.xcassets in Resources */,
				C9741F271C67A73800407110 /* Main.storyboard in Resources */,
			);
			runOnlyForDeploymentPostprocessing = 0;
		};
/* End PBXResourcesBuildPhase section */

/* Begin PBXSourcesBuildPhase section */
		C9741F1A1C67A73800407110 /* Sources */ = {
			isa = PBXSourcesBuildPhase;
			buildActionMask = 2147483647;
			files = (
				C9741F241C67A73800407110 /* ViewController.swift in Sources */,
				C9741F221C67A73800407110 /* AppDelegate.swift in Sources */,
			);
			runOnlyForDeploymentPostprocessing = 0;
		};
/* End PBXSourcesBuildPhase section */

/* Begin PBXVariantGroup section */
		C9741F251C67A73800407110 /* Main.storyboard */ = {
			isa = PBXVariantGroup;
			children = (
				C9741F261C67A73800407110 /* Base */,
			);
			name = Main.storyboard;
			sourceTree = "<group>";
		};
		C9741F2A1C67A73800407110 /* LaunchScreen.storyboard */ = {
			isa = PBXVariantGroup;
			children = (
				C9741F2B1C67A73800407110 /* Base */,
			);
			name = LaunchScreen.storyboard;
			sourceTree = "<group>";
		};
/* End PBXVariantGroup section */

/* Begin XCBuildConfiguration section */
		C9741F2E1C67A73800407110 /* Debug */ = {
			isa = XCBuildConfiguration;
			buildSettings = {
				ALWAYS_SEARCH_USER_PATHS = NO;
				CLANG_CXX_LANGUAGE_STANDARD = "gnu++0x";
				CLANG_CXX_LIBRARY = "libc++";
				CLANG_ENABLE_MODULES = YES;
				CLANG_ENABLE_OBJC_ARC = YES;
				CLANG_WARN_BOOL_CONVERSION = YES;
				CLANG_WARN_CONSTANT_CONVERSION = YES;
				CLANG_WARN_DIRECT_OBJC_ISA_USAGE = YES_ERROR;
				CLANG_WARN_EMPTY_BODY = YES;
				CLANG_WARN_ENUM_CONVERSION = YES;
				CLANG_WARN_INT_CONVERSION = YES;
				CLANG_WARN_OBJC_ROOT_CLASS = YES_ERROR;
				CLANG_WARN_UNREACHABLE_CODE = YES;
				CLANG_WARN__DUPLICATE_METHOD_MATCH = YES;
				"CODE_SIGN_IDENTITY[sdk=iphoneos*]" = "iPhone Developer";
				COPY_PHASE_STRIP = NO;
				DEBUG_INFORMATION_FORMAT = dwarf;
				ENABLE_STRICT_OBJC_MSGSEND = YES;
				ENABLE_TESTABILITY = YES;
				GCC_C_LANGUAGE_STANDARD = gnu99;
				GCC_DYNAMIC_NO_PIC = NO;
				GCC_NO_COMMON_BLOCKS = YES;
				GCC_OPTIMIZATION_LEVEL = 0;
				GCC_PREPROCESSOR_DEFINITIONS = (
					"DEBUG=1",
					"$(inherited)",
				);
				GCC_WARN_64_TO_32_BIT_CONVERSION = YES;
				GCC_WARN_ABOUT_RETURN_TYPE = YES_ERROR;
				GCC_WARN_UNDECLARED_SELECTOR = YES;
				GCC_WARN_UNINITIALIZED_AUTOS = YES_AGGRESSIVE;
				GCC_WARN_UNUSED_FUNCTION = YES;
				GCC_WARN_UNUSED_VARIABLE = YES;
				IPHONEOS_DEPLOYMENT_TARGET = 9.1;
				MTL_ENABLE_DEBUG_INFO = YES;
				ONLY_ACTIVE_ARCH = YES;
				SDKROOT = iphoneos;
				SWIFT_OPTIMIZATION_LEVEL = "-Onone";
			};
			name = Debug;
		};
		C9741F2F1C67A73800407110 /* Release */ = {
			isa = XCBuildConfiguration;
			buildSettings = {
				ALWAYS_SEARCH_USER_PATHS = NO;
				CLANG_CXX_LANGUAGE_STANDARD = "gnu++0x";
				CLANG_CXX_LIBRARY = "libc++";
				CLANG_ENABLE_MODULES = YES;
				CLANG_ENABLE_OBJC_ARC = YES;
				CLANG_WARN_BOOL_CONVERSION = YES;
				CLANG_WARN_CONSTANT_CONVERSION = YES;
				CLANG_WARN_DIRECT_OBJC_ISA_USAGE = YES_ERROR;
				CLANG_WARN_EMPTY_BODY = YES;
				CLANG_WARN_ENUM_CONVERSION = YES;
				CLANG_WARN_INT_CONVERSION = YES;
				CLANG_WARN_OBJC_ROOT_CLASS = YES_ERROR;
				CLANG_WARN_UNREACHABLE_CODE = YES;
				CLANG_WARN__DUPLICATE_METHOD_MATCH = YES;
				"CODE_SIGN_IDENTITY[sdk=iphoneos*]" = "iPhone Developer";
				COPY_PHASE_STRIP = NO;
				DEBUG_INFORMATION_FORMAT = "dwarf-with-dsym";
				ENABLE_NS_ASSERTIONS = NO;
				ENABLE_STRICT_OBJC_MSGSEND = YES;
				GCC_C_LANGUAGE_STANDARD = gnu99;
				GCC_NO_COMMON_BLOCKS = YES;
				GCC_WARN_64_TO_32_BIT_CONVERSION = YES;
				GCC_WARN_ABOUT_RETURN_TYPE = YES_ERROR;
				GCC_WARN_UNDECLARED_SELECTOR = YES;
				GCC_WARN_UNINITIALIZED_AUTOS = YES_AGGRESSIVE;
				GCC_WARN_UNUSED_FUNCTION = YES;
				GCC_WARN_UNUSED_VARIABLE = YES;
				IPHONEOS_DEPLOYMENT_TARGET = 9.1;
				MTL_ENABLE_DEBUG_INFO = NO;
				SDKROOT = iphoneos;
				VALIDATE_PRODUCT = YES;
			};
			name = Release;
		};
		C9741F311C67A73800407110 /* Debug */ = {
			isa = XCBuildConfiguration;
			buildSettings = {
				ASSETCATALOG_COMPILER_APPICON_NAME = AppIcon;
				INFOPLIST_FILE = "Time tables/Info.plist";
				LD_RUNPATH_SEARCH_PATHS = "$(inherited) @executable_path/Frameworks";
				PRODUCT_BUNDLE_IDENTIFIER = "com.udacity.Time-tables";
				PRODUCT_NAME = "$(TARGET_NAME)";
			};
			name = Debug;
		};
		C9741F321C67A73800407110 /* Release */ = {
			isa = XCBuildConfiguration;
			buildSettings = {
				ASSETCATALOG_COMPILER_APPICON_NAME = AppIcon;
				INFOPLIST_FILE = "Time tables/Info.plist";
				LD_RUNPATH_SEARCH_PATHS = "$(inherited) @executable_path/Frameworks";
				PRODUCT_BUNDLE_IDENTIFIER = "com.udacity.Time-tables";
				PRODUCT_NAME = "$(TARGET_NAME)";
			};
			name = Release;
		};
/* End XCBuildConfiguration section */

/* Begin XCConfigurationList section */
		C9741F191C67A73800407110 /* Build configuration list for PBXProject "Time tables" */ = {
			isa = XCConfigurationList;
			buildConfigurations = (
				C9741F2E1C67A73800407110 /* Debug */,
				C9741F2F1C67A73800407110 /* Release */,
			);
			defaultConfigurationIsVisible = 0;
			defaultConfigurationName = Release;
		};
		C9741F301C67A73800407110 /* Build configuration list for PBXNativeTarget "Time tables" */ = {
			isa = XCConfigurationList;
			buildConfigurations = (
				C9741F311C67A73800407110 /* Debug */,
				C9741F321C67A73800407110 /* Release */,
			);
			defaultConfigurationIsVisible = 0;
		};
/* End XCConfigurationList section */
	};
	rootObject = C9741F161C67A73800407110 /* Project object */;
}
